
Microsoft Visual Studio Solution File, Format Version 12.00
# Visual Studio Version 16
VisualStudioVersion = 16.0.32802.440
MinimumVisualStudioVersion = 10.0.40219.1
Project("{FAE04EC0-301F-11D3-BF4B-00C04F79EFBC}") = "Ejercicio3", "Ejercicio3\Ejercicio3.csproj", "{206DBDBA-1ED6-4D8A-A844-FAD7B85127F9}"
EndProject
Global
	GlobalSection(SolutionConfigurationPlatforms) = preSolution
		Debug|Any CPU = Debug|Any CPU
		Release|Any CPU = Release|Any CPU
	EndGlobalSection
	GlobalSection(ProjectConfigurationPlatforms) = postSolution
		{206DBDBA-1ED6-4D8A-A844-FAD7B85127F9}.Debug|Any CPU.ActiveCfg = Debug|Any CPU
		{206DBDBA-1ED6-4D8A-A844-FAD7B85127F9}.Debug|Any CPU.Build.0 = Debug|Any CPU
		{206DBDBA-1ED6-4D8A-A844-FAD7B85127F9}.Release|Any CPU.ActiveCfg = Release|Any CPU
		{206DBDBA-1ED6-4D8A-A844-FAD7B85127F9}.Release|Any CPU.Build.0 = Release|Any CPU
	EndGlobalSection
	GlobalSection(SolutionProperties) = preSolution
		HideSolutionNode = FALSE
	EndGlobalSection
	GlobalSection(ExtensibilityGlobals) = postSolution
		SolutionGuid = {C79376D0-7E3E-4987-AE84-AFF9FD239CB8}
	EndGlobalSection
EndGlobal
