
Microsoft Visual Studio Solution File, Format Version 12.00
# Visual Studio Version 16
VisualStudioVersion = 16.0.32802.440
MinimumVisualStudioVersion = 10.0.40219.1
Project("{9A19103F-16F7-4668-BE54-9A1E7A4F7556}") = "Principios_POO", "Principios_POO\Principios_POO.csproj", "{4E696986-8C8C-4586-948A-238103ABE81D}"
EndProject
Project("{FAE04EC0-301F-11D3-BF4B-00C04F79EFBC}") = "NumeroAleatorio", "NumeroAleatorio\NumeroAleatorio.csproj", "{99D0EECC-D73F-49CE-8E09-E191588C5BDF}"
EndProject
Global
	GlobalSection(SolutionConfigurationPlatforms) = preSolution
		Debug|Any CPU = Debug|Any CPU
		Release|Any CPU = Release|Any CPU
	EndGlobalSection
	GlobalSection(ProjectConfigurationPlatforms) = postSolution
		{4E696986-8C8C-4586-948A-238103ABE81D}.Debug|Any CPU.ActiveCfg = Debug|Any CPU
		{4E696986-8C8C-4586-948A-238103ABE81D}.Debug|Any CPU.Build.0 = Debug|Any CPU
		{4E696986-8C8C-4586-948A-238103ABE81D}.Release|Any CPU.ActiveCfg = Release|Any CPU
		{4E696986-8C8C-4586-948A-238103ABE81D}.Release|Any CPU.Build.0 = Release|Any CPU
		{99D0EECC-D73F-49CE-8E09-E191588C5BDF}.Debug|Any CPU.ActiveCfg = Debug|Any CPU
		{99D0EECC-D73F-49CE-8E09-E191588C5BDF}.Debug|Any CPU.Build.0 = Debug|Any CPU
		{99D0EECC-D73F-49CE-8E09-E191588C5BDF}.Release|Any CPU.ActiveCfg = Release|Any CPU
		{99D0EECC-D73F-49CE-8E09-E191588C5BDF}.Release|Any CPU.Build.0 = Release|Any CPU
	EndGlobalSection
	GlobalSection(SolutionProperties) = preSolution
		HideSolutionNode = FALSE
	EndGlobalSection
	GlobalSection(ExtensibilityGlobals) = postSolution
		SolutionGuid = {2E95430C-3873-4F71-8D10-F4828770E9A4}
	EndGlobalSection
EndGlobal
